
Microsoft Visual Studio Solution File, Format Version 12.00
# Visual Studio Version 16
VisualStudioVersion = 16.0.30128.74
MinimumVisualStudioVersion = 10.0.40219.1
Project("{FAE04EC0-301F-11D3-BF4B-00C04F79EFBC}") = "MVVMAUbackup", "MVVMAUbackup\MVVMAUbackup.csproj", "{312EB4A0-5C55-4544-941B-5649517FF8F6}"
EndProject
Global
	GlobalSection(SolutionConfigurationPlatforms) = preSolution
		Debug|Any CPU = Debug|Any CPU
		Release|Any CPU = Release|Any CPU
	EndGlobalSection
	GlobalSection(ProjectConfigurationPlatforms) = postSolution
		{312EB4A0-5C55-4544-941B-5649517FF8F6}.Debug|Any CPU.ActiveCfg = Debug|Any CPU
		{312EB4A0-5C55-4544-941B-5649517FF8F6}.Debug|Any CPU.Build.0 = Debug|Any CPU
		{312EB4A0-5C55-4544-941B-5649517FF8F6}.Release|Any CPU.ActiveCfg = Release|Any CPU
		{312EB4A0-5C55-4544-941B-5649517FF8F6}.Release|Any CPU.Build.0 = Release|Any CPU
	EndGlobalSection
	GlobalSection(SolutionProperties) = preSolution
		HideSolutionNode = FALSE
	EndGlobalSection
	GlobalSection(ExtensibilityGlobals) = postSolution
		SolutionGuid = {8642A5A8-A475-4EE5-9BB6-E88506667BE5}
	EndGlobalSection
EndGlobal
